// !$*UTF8*$!
{
	archiveVersion = 1;
	classes = {
	};
	objectVersion = 50;
	objects = {

/* Begin PBXBuildFile section */
		3D7F311E24F8AFAE0094B902 /* RatingControl.swift in Sources */ = {isa = PBXBuildFile; fileRef = 3D7F311D24F8AFAE0094B902 /* RatingControl.swift */; };
		3D7F312424FA1CA90094B902 /* Meal.swift in Sources */ = {isa = PBXBuildFile; fileRef = 3D7F312324FA1CA90094B902 /* Meal.swift */; };
		3D7F312524FA1DE30094B902 /* Meal.swift in Sources */ = {isa = PBXBuildFile; fileRef = 3D7F312324FA1CA90094B902 /* Meal.swift */; };
		3D7F312724FAFA6E0094B902 /* MealTableViewCell.swift in Sources */ = {isa = PBXBuildFile; fileRef = 3D7F312624FAFA6E0094B902 /* MealTableViewCell.swift */; };
		3D7F312924FB00AA0094B902 /* MealTableViewController.swift in Sources */ = {isa = PBXBuildFile; fileRef = 3D7F312824FB00AA0094B902 /* MealTableViewController.swift */; };
		3D86D6FF24EF8C7000D1CD3F /* AppDelegate.swift in Sources */ = {isa = PBXBuildFile; fileRef = 3D86D6FE24EF8C7000D1CD3F /* AppDelegate.swift */; };
		3D86D70124EF8C7000D1CD3F /* SceneDelegate.swift in Sources */ = {isa = PBXBuildFile; fileRef = 3D86D70024EF8C7000D1CD3F /* SceneDelegate.swift */; };
		3D86D70324EF8C7000D1CD3F /* MealViewController.swift in Sources */ = {isa = PBXBuildFile; fileRef = 3D86D70224EF8C7000D1CD3F /* MealViewController.swift */; };
		3D86D70624EF8C7000D1CD3F /* Main.storyboard in Resources */ = {isa = PBXBuildFile; fileRef = 3D86D70424EF8C7000D1CD3F /* Main.storyboard */; };
		3D86D70824EF8C7100D1CD3F /* Assets.xcassets in Resources */ = {isa = PBXBuildFile; fileRef = 3D86D70724EF8C7100D1CD3F /* Assets.xcassets */; };
		3D86D70B24EF8C7100D1CD3F /* LaunchScreen.storyboard in Resources */ = {isa = PBXBuildFile; fileRef = 3D86D70924EF8C7100D1CD3F /* LaunchScreen.storyboard */; };
		3D86D71624EF8C7200D1CD3F /* FoodTrackerTests.swift in Sources */ = {isa = PBXBuildFile; fileRef = 3D86D71524EF8C7200D1CD3F /* FoodTrackerTests.swift */; };
/* End PBXBuildFile section */

/* Begin PBXContainerItemProxy section */
		3D86D71224EF8C7200D1CD3F /* PBXContainerItemProxy */ = {
			isa = PBXContainerItemProxy;
			containerPortal = 3D86D6F324EF8C7000D1CD3F /* Project object */;
			proxyType = 1;
			remoteGlobalIDString = 3D86D6FA24EF8C7000D1CD3F;
			remoteInfo = FoodTracker;
		};
/* End PBXContainerItemProxy section */

/* Begin PBXFileReference section */
		3D7F311D24F8AFAE0094B902 /* RatingControl.swift */ = {isa = PBXFileReference; lastKnownFileType = sourcecode.swift; path = RatingControl.swift; sourceTree = "<group>"; };
		3D7F312324FA1CA90094B902 /* Meal.swift */ = {isa = PBXFileReference; lastKnownFileType = sourcecode.swift; path = Meal.swift; sourceTree = "<group>"; };
		3D7F312624FAFA6E0094B902 /* MealTableViewCell.swift */ = {isa = PBXFileReference; lastKnownFileType = sourcecode.swift; path = MealTableViewCell.swift; sourceTree = "<group>"; };
		3D7F312824FB00AA0094B902 /* MealTableViewController.swift */ = {isa = PBXFileReference; lastKnownFileType = sourcecode.swift; path = MealTableViewController.swift; sourceTree = "<group>"; };
		3D86D6FB24EF8C7000D1CD3F /* FoodTracker.app */ = {isa = PBXFileReference; explicitFileType = wrapper.application; includeInIndex = 0; path = FoodTracker.app; sourceTree = BUILT_PRODUCTS_DIR; };
		3D86D6FE24EF8C7000D1CD3F /* AppDelegate.swift */ = {isa = PBXFileReference; lastKnownFileType = sourcecode.swift; path = AppDelegate.swift; sourceTree = "<group>"; };
		3D86D70024EF8C7000D1CD3F /* SceneDelegate.swift */ = {isa = PBXFileReference; lastKnownFileType = sourcecode.swift; path = SceneDelegate.swift; sourceTree = "<group>"; };
		3D86D70224EF8C7000D1CD3F /* MealViewController.swift */ = {isa = PBXFileReference; lastKnownFileType = sourcecode.swift; path = MealViewController.swift; sourceTree = "<group>"; };
		3D86D70524EF8C7000D1CD3F /* Base */ = {isa = PBXFileReference; lastKnownFileType = file.storyboard; name = Base; path = Base.lproj/Main.storyboard; sourceTree = "<group>"; };
		3D86D70724EF8C7100D1CD3F /* Assets.xcassets */ = {isa = PBXFileReference; lastKnownFileType = folder.assetcatalog; path = Assets.xcassets; sourceTree = "<group>"; };
		3D86D70A24EF8C7100D1CD3F /* Base */ = {isa = PBXFileReference; lastKnownFileType = file.storyboard; name = Base; path = Base.lproj/LaunchScreen.storyboard; sourceTree = "<group>"; };
		3D86D70C24EF8C7100D1CD3F /* Info.plist */ = {isa = PBXFileReference; lastKnownFileType = text.plist.xml; path = Info.plist; sourceTree = "<group>"; };
		3D86D71124EF8C7200D1CD3F /* FoodTrackerTests.xctest */ = {isa = PBXFileReference; explicitFileType = wrapper.cfbundle; includeInIndex = 0; path = FoodTrackerTests.xctest; sourceTree = BUILT_PRODUCTS_DIR; };
		3D86D71524EF8C7200D1CD3F /* FoodTrackerTests.swift */ = {isa = PBXFileReference; lastKnownFileType = sourcecode.swift; path = FoodTrackerTests.swift; sourceTree = "<group>"; };
		3D86D71724EF8C7200D1CD3F /* Info.plist */ = {isa = PBXFileReference; lastKnownFileType = text.plist.xml; path = Info.plist; sourceTree = "<group>"; };
/* End PBXFileReference section */

/* Begin PBXFrameworksBuildPhase section */
		3D86D6F824EF8C7000D1CD3F /* Frameworks */ = {
			isa = PBXFrameworksBuildPhase;
			buildActionMask = 2147483647;
			files = (
			);
			runOnlyForDeploymentPostprocessing = 0;
		};
		3D86D70E24EF8C7200D1CD3F /* Frameworks */ = {
			isa = PBXFrameworksBuildPhase;
			buildActionMask = 2147483647;
			files = (
			);
			runOnlyForDeploymentPostprocessing = 0;
		};
/* End PBXFrameworksBuildPhase section */

/* Begin PBXGroup section */
		3D86D6F224EF8C7000D1CD3F = {
			isa = PBXGroup;
			children = (
				3D86D6FD24EF8C7000D1CD3F /* FoodTracker */,
				3D86D71424EF8C7200D1CD3F /* FoodTrackerTests */,
				3D86D6FC24EF8C7000D1CD3F /* Products */,
			);
			sourceTree = "<group>";
		};
		3D86D6FC24EF8C7000D1CD3F /* Products */ = {
			isa = PBXGroup;
			children = (
				3D86D6FB24EF8C7000D1CD3F /* FoodTracker.app */,
				3D86D71124EF8C7200D1CD3F /* FoodTrackerTests.xctest */,
			);
			name = Products;
			sourceTree = "<group>";
		};
		3D86D6FD24EF8C7000D1CD3F /* FoodTracker */ = {
			isa = PBXGroup;
			children = (
				3D86D6FE24EF8C7000D1CD3F /* AppDelegate.swift */,
				3D86D70024EF8C7000D1CD3F /* SceneDelegate.swift */,
				3D86D70224EF8C7000D1CD3F /* MealViewController.swift */,
				3D7F311D24F8AFAE0094B902 /* RatingControl.swift */,
				3D7F312324FA1CA90094B902 /* Meal.swift */,
				3D7F312624FAFA6E0094B902 /* MealTableViewCell.swift */,
				3D7F312824FB00AA0094B902 /* MealTableViewController.swift */,
				3D86D70424EF8C7000D1CD3F /* Main.storyboard */,
				3D86D70724EF8C7100D1CD3F /* Assets.xcassets */,
				3D86D70924EF8C7100D1CD3F /* LaunchScreen.storyboard */,
				3D86D70C24EF8C7100D1CD3F /* Info.plist */,
			);
			path = FoodTracker;
			sourceTree = "<group>";
		};
		3D86D71424EF8C7200D1CD3F /* FoodTrackerTests */ = {
			isa = PBXGroup;
			children = (
				3D86D71524EF8C7200D1CD3F /* FoodTrackerTests.swift */,
				3D86D71724EF8C7200D1CD3F /* Info.plist */,
			);
			path = FoodTrackerTests;
			sourceTree = "<group>";
		};
/* End PBXGroup section */

/* Begin PBXNativeTarget section */
		3D86D6FA24EF8C7000D1CD3F /* FoodTracker */ = {
			isa = PBXNativeTarget;
			buildConfigurationList = 3D86D71A24EF8C7200D1CD3F /* Build configuration list for PBXNativeTarget "FoodTracker" */;
			buildPhases = (
				3D86D6F724EF8C7000D1CD3F /* Sources */,
				3D86D6F824EF8C7000D1CD3F /* Frameworks */,
				3D86D6F924EF8C7000D1CD3F /* Resources */,
			);
			buildRules = (
			);
			dependencies = (
			);
			name = FoodTracker;
			productName = FoodTracker;
			productReference = 3D86D6FB24EF8C7000D1CD3F /* FoodTracker.app */;
			productType = "com.apple.product-type.application";
		};
		3D86D71024EF8C7200D1CD3F /* FoodTrackerTests */ = {
			isa = PBXNativeTarget;
			buildConfigurationList = 3D86D71D24EF8C7200D1CD3F /* Build configuration list for PBXNativeTarget "FoodTrackerTests" */;
			buildPhases = (
				3D86D70D24EF8C7200D1CD3F /* Sources */,
				3D86D70E24EF8C7200D1CD3F /* Frameworks */,
				3D86D70F24EF8C7200D1CD3F /* Resources */,
			);
			buildRules = (
			);
			dependencies = (
				3D86D71324EF8C7200D1CD3F /* PBXTargetDependency */,
			);
			name = FoodTrackerTests;
			productName = FoodTrackerTests;
			productReference = 3D86D71124EF8C7200D1CD3F /* FoodTrackerTests.xctest */;
			productType = "com.apple.product-type.bundle.unit-test";
		};
/* End PBXNativeTarget section */

/* Begin PBXProject section */
		3D86D6F324EF8C7000D1CD3F /* Project object */ = {
			isa = PBXProject;
			attributes = {
				LastSwiftUpdateCheck = 1160;
				LastUpgradeCheck = 1160;
				ORGANIZATIONNAME = "Wei Zhong Tee";
				TargetAttributes = {
					3D86D6FA24EF8C7000D1CD3F = {
						CreatedOnToolsVersion = 11.6;
					};
					3D86D71024EF8C7200D1CD3F = {
						CreatedOnToolsVersion = 11.6;
						TestTargetID = 3D86D6FA24EF8C7000D1CD3F;
					};
				};
			};
			buildConfigurationList = 3D86D6F624EF8C7000D1CD3F /* Build configuration list for PBXProject "FoodTracker" */;
			compatibilityVersion = "Xcode 9.3";
			developmentRegion = en;
			hasScannedForEncodings = 0;
			knownRegions = (
				en,
				Base,
			);
			mainGroup = 3D86D6F224EF8C7000D1CD3F;
			productRefGroup = 3D86D6FC24EF8C7000D1CD3F /* Products */;
			projectDirPath = "";
			projectRoot = "";
			targets = (
				3D86D6FA24EF8C7000D1CD3F /* FoodTracker */,
				3D86D71024EF8C7200D1CD3F /* FoodTrackerTests */,
			);
		};
/* End PBXProject section */

/* Begin PBXResourcesBuildPhase section */
		3D86D6F924EF8C7000D1CD3F /* Resources */ = {
			isa = PBXResourcesBuildPhase;
			buildActionMask = 2147483647;
			files = (
				3D86D70B24EF8C7100D1CD3F /* LaunchScreen.storyboard in Resources */,
				3D86D70824EF8C7100D1CD3F /* Assets.xcassets in Resources */,
				3D86D70624EF8C7000D1CD3F /* Main.storyboard in Resources */,
			);
			runOnlyForDeploymentPostprocessing = 0;
		};
		3D86D70F24EF8C7200D1CD3F /* Resources */ = {
			isa = PBXResourcesBuildPhase;
			buildActionMask = 2147483647;
			files = (
			);
			runOnlyForDeploymentPostprocessing = 0;
		};
/* End PBXResourcesBuildPhase section */

/* Begin PBXSourcesBuildPhase section */
		3D86D6F724EF8C7000D1CD3F /* Sources */ = {
			isa = PBXSourcesBuildPhase;
			buildActionMask = 2147483647;
			files = (
				3D7F312424FA1CA90094B902 /* Meal.swift in Sources */,
				3D7F311E24F8AFAE0094B902 /* RatingControl.swift in Sources */,
				3D7F312924FB00AA0094B902 /* MealTableViewController.swift in Sources */,
				3D7F312724FAFA6E0094B902 /* MealTableViewCell.swift in Sources */,
				3D86D70324EF8C7000D1CD3F /* MealViewController.swift in Sources */,
				3D86D6FF24EF8C7000D1CD3F /* AppDelegate.swift in Sources */,
				3D86D70124EF8C7000D1CD3F /* SceneDelegate.swift in Sources */,
			);
			runOnlyForDeploymentPostprocessing = 0;
		};
		3D86D70D24EF8C7200D1CD3F /* Sources */ = {
			isa = PBXSourcesBuildPhase;
			buildActionMask = 2147483647;
			files = (
				3D7F312524FA1DE30094B902 /* Meal.swift in Sources */,
				3D86D71624EF8C7200D1CD3F /* FoodTrackerTests.swift in Sources */,
			);
			runOnlyForDeploymentPostprocessing = 0;
		};
/* End PBXSourcesBuildPhase section */

/* Begin PBXTargetDependency section */
		3D86D71324EF8C7200D1CD3F /* PBXTargetDependency */ = {
			isa = PBXTargetDependency;
			target = 3D86D6FA24EF8C7000D1CD3F /* FoodTracker */;
			targetProxy = 3D86D71224EF8C7200D1CD3F /* PBXContainerItemProxy */;
		};
/* End PBXTargetDependency section */

/* Begin PBXVariantGroup section */
		3D86D70424EF8C7000D1CD3F /* Main.storyboard */ = {
			isa = PBXVariantGroup;
			children = (
				3D86D70524EF8C7000D1CD3F /* Base */,
			);
			name = Main.storyboard;
			sourceTree = "<group>";
		};
		3D86D70924EF8C7100D1CD3F /* LaunchScreen.storyboard */ = {
			isa = PBXVariantGroup;
			children = (
				3D86D70A24EF8C7100D1CD3F /* Base */,
			);
			name = LaunchScreen.storyboard;
			sourceTree = "<group>";
		};
/* End PBXVariantGroup section */

/* Begin XCBuildConfiguration section */
		3D86D71824EF8C7200D1CD3F /* Debug */ = {
			isa = XCBuildConfiguration;
			buildSettings = {
				ALWAYS_SEARCH_USER_PATHS = NO;
				CLANG_ANALYZER_NONNULL = YES;
				CLANG_ANALYZER_NUMBER_OBJECT_CONVERSION = YES_AGGRESSIVE;
				CLANG_CXX_LANGUAGE_STANDARD = "gnu++14";
				CLANG_CXX_LIBRARY = "libc++";
				CLANG_ENABLE_MODULES = YES;
				CLANG_ENABLE_OBJC_ARC = YES;
				CLANG_ENABLE_OBJC_WEAK = YES;
				CLANG_WARN_BLOCK_CAPTURE_AUTORELEASING = YES;
				CLANG_WARN_BOOL_CONVERSION = YES;
				CLANG_WARN_COMMA = YES;
				CLANG_WARN_CONSTANT_CONVERSION = YES;
				CLANG_WARN_DEPRECATED_OBJC_IMPLEMENTATIONS = YES;
				CLANG_WARN_DIRECT_OBJC_ISA_USAGE = YES_ERROR;
				CLANG_WARN_DOCUMENTATION_COMMENTS = YES;
				CLANG_WARN_EMPTY_BODY = YES;
				CLANG_WARN_ENUM_CONVERSION = YES;
				CLANG_WARN_INFINITE_RECURSION = YES;
				CLANG_WARN_INT_CONVERSION = YES;
				CLANG_WARN_NON_LITERAL_NULL_CONVERSION = YES;
				CLANG_WARN_OBJC_IMPLICIT_RETAIN_SELF = YES;
				CLANG_WARN_OBJC_LITERAL_CONVERSION = YES;
				CLANG_WARN_OBJC_ROOT_CLASS = YES_ERROR;
				CLANG_WARN_RANGE_LOOP_ANALYSIS = YES;
				CLANG_WARN_STRICT_PROTOTYPES = YES;
				CLANG_WARN_SUSPICIOUS_MOVE = YES;
				CLANG_WARN_UNGUARDED_AVAILABILITY = YES_AGGRESSIVE;
				CLANG_WARN_UNREACHABLE_CODE = YES;
				CLANG_WARN__DUPLICATE_METHOD_MATCH = YES;
				COPY_PHASE_STRIP = NO;
				DEBUG_INFORMATION_FORMAT = dwarf;
				ENABLE_STRICT_OBJC_MSGSEND = YES;
				ENABLE_TESTABILITY = YES;
				GCC_C_LANGUAGE_STANDARD = gnu11;
				GCC_DYNAMIC_NO_PIC = NO;
				GCC_NO_COMMON_BLOCKS = YES;
				GCC_OPTIMIZATION_LEVEL = 0;
				GCC_PREPROCESSOR_DEFINITIONS = (
					"DEBUG=1",
					"$(inherited)",
				);
				GCC_WARN_64_TO_32_BIT_CONVERSION = YES;
				GCC_WARN_ABOUT_RETURN_TYPE = YES_ERROR;
				GCC_WARN_UNDECLARED_SELECTOR = YES;
				GCC_WARN_UNINITIALIZED_AUTOS = YES_AGGRESSIVE;
				GCC_WARN_UNUSED_FUNCTION = YES;
				GCC_WARN_UNUSED_VARIABLE = YES;
				IPHONEOS_DEPLOYMENT_TARGET = 13.6;
				MTL_ENABLE_DEBUG_INFO = INCLUDE_SOURCE;
				MTL_FAST_MATH = YES;
				ONLY_ACTIVE_ARCH = YES;
				SDKROOT = iphoneos;
				SWIFT_ACTIVE_COMPILATION_CONDITIONS = DEBUG;
				SWIFT_OPTIMIZATION_LEVEL = "-Onone";
			};
			name = Debug;
		};
		3D86D71924EF8C7200D1CD3F /* Release */ = {
			isa = XCBuildConfiguration;
			buildSettings = {
				ALWAYS_SEARCH_USER_PATHS = NO;
				CLANG_ANALYZER_NONNULL = YES;
				CLANG_ANALYZER_NUMBER_OBJECT_CONVERSION = YES_AGGRESSIVE;
				CLANG_CXX_LANGUAGE_STANDARD = "gnu++14";
				CLANG_CXX_LIBRARY = "libc++";
				CLANG_ENABLE_MODULES = YES;
				CLANG_ENABLE_OBJC_ARC = YES;
				CLANG_ENABLE_OBJC_WEAK = YES;
				CLANG_WARN_BLOCK_CAPTURE_AUTORELEASING = YES;
				CLANG_WARN_BOOL_CONVERSION = YES;
				CLANG_WARN_COMMA = YES;
				CLANG_WARN_CONSTANT_CONVERSION = YES;
				CLANG_WARN_DEPRECATED_OBJC_IMPLEMENTATIONS = YES;
				CLANG_WARN_DIRECT_OBJC_ISA_USAGE = YES_ERROR;
				CLANG_WARN_DOCUMENTATION_COMMENTS = YES;
				CLANG_WARN_EMPTY_BODY = YES;
				CLANG_WARN_ENUM_CONVERSION = YES;
				CLANG_WARN_INFINITE_RECURSION = YES;
				CLANG_WARN_INT_CONVERSION = YES;
				CLANG_WARN_NON_LITERAL_NULL_CONVERSION = YES;
				CLANG_WARN_OBJC_IMPLICIT_RETAIN_SELF = YES;
				CLANG_WARN_OBJC_LITERAL_CONVERSION = YES;
				CLANG_WARN_OBJC_ROOT_CLASS = YES_ERROR;
				CLANG_WARN_RANGE_LOOP_ANALYSIS = YES;
				CLANG_WARN_STRICT_PROTOTYPES = YES;
				CLANG_WARN_SUSPICIOUS_MOVE = YES;
				CLANG_WARN_UNGUARDED_AVAILABILITY = YES_AGGRESSIVE;
				CLANG_WARN_UNREACHABLE_CODE = YES;
				CLANG_WARN__DUPLICATE_METHOD_MATCH = YES;
				COPY_PHASE_STRIP = NO;
				DEBUG_INFORMATION_FORMAT = "dwarf-with-dsym";
				ENABLE_NS_ASSERTIONS = NO;
				ENABLE_STRICT_OBJC_MSGSEND = YES;
				GCC_C_LANGUAGE_STANDARD = gnu11;
				GCC_NO_COMMON_BLOCKS = YES;
				GCC_WARN_64_TO_32_BIT_CONVERSION = YES;
				GCC_WARN_ABOUT_RETURN_TYPE = YES_ERROR;
				GCC_WARN_UNDECLARED_SELECTOR = YES;
				GCC_WARN_UNINITIALIZED_AUTOS = YES_AGGRESSIVE;
				GCC_WARN_UNUSED_FUNCTION = YES;
				GCC_WARN_UNUSED_VARIABLE = YES;
				IPHONEOS_DEPLOYMENT_TARGET = 13.6;
				MTL_ENABLE_DEBUG_INFO = NO;
				MTL_FAST_MATH = YES;
				SDKROOT = iphoneos;
				SWIFT_COMPILATION_MODE = wholemodule;
				SWIFT_OPTIMIZATION_LEVEL = "-O";
				VALIDATE_PRODUCT = YES;
			};
			name = Release;
		};
		3D86D71B24EF8C7200D1CD3F /* Debug */ = {
			isa = XCBuildConfiguration;
			buildSettings = {
				ASSETCATALOG_COMPILER_APPICON_NAME = AppIcon;
				CODE_SIGN_STYLE = Automatic;
				INFOPLIST_FILE = FoodTracker/Info.plist;
				LD_RUNPATH_SEARCH_PATHS = (
					"$(inherited)",
					"@executable_path/Frameworks",
				);
				PRODUCT_BUNDLE_IDENTIFIER = com.example.FoodTracker;
				PRODUCT_NAME = "$(TARGET_NAME)";
				SWIFT_VERSION = 5.0;
				TARGETED_DEVICE_FAMILY = "1,2";
			};
			name = Debug;
		};
		3D86D71C24EF8C7200D1CD3F /* Release */ = {
			isa = XCBuildConfiguration;
			buildSettings = {
				ASSETCATALOG_COMPILER_APPICON_NAME = AppIcon;
				CODE_SIGN_STYLE = Automatic;
				INFOPLIST_FILE = FoodTracker/Info.plist;
				LD_RUNPATH_SEARCH_PATHS = (
					"$(inherited)",
					"@executable_path/Frameworks",
				);
				PRODUCT_BUNDLE_IDENTIFIER = com.example.FoodTracker;
				PRODUCT_NAME = "$(TARGET_NAME)";
				SWIFT_VERSION = 5.0;
				TARGETED_DEVICE_FAMILY = "1,2";
			};
			name = Release;
		};
		3D86D71E24EF8C7200D1CD3F /* Debug */ = {
			isa = XCBuildConfiguration;
			buildSettings = {
				ALWAYS_EMBED_SWIFT_STANDARD_LIBRARIES = YES;
				BUNDLE_LOADER = "$(TEST_HOST)";
				CODE_SIGN_STYLE = Automatic;
				INFOPLIST_FILE = FoodTrackerTests/Info.plist;
				IPHONEOS_DEPLOYMENT_TARGET = 13.6;
				LD_RUNPATH_SEARCH_PATHS = (
					"$(inherited)",
					"@executable_path/Frameworks",
					"@loader_path/Frameworks",
				);
				PRODUCT_BUNDLE_IDENTIFIER = com.example.FoodTrackerTests;
				PRODUCT_NAME = "$(TARGET_NAME)";
				SWIFT_VERSION = 5.0;
				TARGETED_DEVICE_FAMILY = "1,2";
				TEST_HOST = "$(BUILT_PRODUCTS_DIR)/FoodTracker.app/FoodTracker";
			};
			name = Debug;
		};
		3D86D71F24EF8C7200D1CD3F /* Release */ = {
			isa = XCBuildConfiguration;
			buildSettings = {
				ALWAYS_EMBED_SWIFT_STANDARD_LIBRARIES = YES;
				BUNDLE_LOADER = "$(TEST_HOST)";
				CODE_SIGN_STYLE = Automatic;
				INFOPLIST_FILE = FoodTrackerTests/Info.plist;
				IPHONEOS_DEPLOYMENT_TARGET = 13.6;
				LD_RUNPATH_SEARCH_PATHS = (
					"$(inherited)",
					"@executable_path/Frameworks",
					"@loader_path/Frameworks",
				);
				PRODUCT_BUNDLE_IDENTIFIER = com.example.FoodTrackerTests;
				PRODUCT_NAME = "$(TARGET_NAME)";
				SWIFT_VERSION = 5.0;
				TARGETED_DEVICE_FAMILY = "1,2";
				TEST_HOST = "$(BUILT_PRODUCTS_DIR)/FoodTracker.app/FoodTracker";
			};
			name = Release;
		};
/* End XCBuildConfiguration section */

/* Begin XCConfigurationList section */
		3D86D6F624EF8C7000D1CD3F /* Build configuration list for PBXProject "FoodTracker" */ = {
			isa = XCConfigurationList;
			buildConfigurations = (
				3D86D71824EF8C7200D1CD3F /* Debug */,
				3D86D71924EF8C7200D1CD3F /* Release */,
			);
			defaultConfigurationIsVisible = 0;
			defaultConfigurationName = Release;
		};
		3D86D71A24EF8C7200D1CD3F /* Build configuration list for PBXNativeTarget "FoodTracker" */ = {
			isa = XCConfigurationList;
			buildConfigurations = (
				3D86D71B24EF8C7200D1CD3F /* Debug */,
				3D86D71C24EF8C7200D1CD3F /* Release */,
			);
			defaultConfigurationIsVisible = 0;
			defaultConfigurationName = Release;
		};
		3D86D71D24EF8C7200D1CD3F /* Build configuration list for PBXNativeTarget "FoodTrackerTests" */ = {
			isa = XCConfigurationList;
			buildConfigurations = (
				3D86D71E24EF8C7200D1CD3F /* Debug */,
				3D86D71F24EF8C7200D1CD3F /* Release */,
			);
			defaultConfigurationIsVisible = 0;
			defaultConfigurationName = Release;
		};
/* End XCConfigurationList section */
	};
	rootObject = 3D86D6F324EF8C7000D1CD3F /* Project object */;
}
